// !$*UTF8*$!
{
	archiveVersion = 1;
	classes = {
	};
	objectVersion = 46;
	objects = {

/* Begin PBXBuildFile section */
		8407E82B1DF3178D000D4EBE /* TemplateData.swift in Sources */ = {isa = PBXBuildFile; fileRef = 8407E82A1DF3178D000D4EBE /* TemplateData.swift */; };
		848797AC1DE35F1000A98F29 /* AppDelegate.swift in Sources */ = {isa = PBXBuildFile; fileRef = 848797AB1DE35F1000A98F29 /* AppDelegate.swift */; };
		848797AE1DE35F1000A98F29 /* MasterViewController.swift in Sources */ = {isa = PBXBuildFile; fileRef = 848797AD1DE35F1000A98F29 /* MasterViewController.swift */; };
		848797B01DE35F1000A98F29 /* DetailViewController.swift in Sources */ = {isa = PBXBuildFile; fileRef = 848797AF1DE35F1000A98F29 /* DetailViewController.swift */; };
		848797B31DE35F1000A98F29 /* Main.storyboard in Resources */ = {isa = PBXBuildFile; fileRef = 848797B11DE35F1000A98F29 /* Main.storyboard */; };
		848797B51DE35F1000A98F29 /* Assets.xcassets in Resources */ = {isa = PBXBuildFile; fileRef = 848797B41DE35F1000A98F29 /* Assets.xcassets */; };
		848797B81DE35F1000A98F29 /* LaunchScreen.storyboard in Resources */ = {isa = PBXBuildFile; fileRef = 848797B61DE35F1000A98F29 /* LaunchScreen.storyboard */; };
		848797C01DE60BCC00A98F29 /* Colony.swift in Sources */ = {isa = PBXBuildFile; fileRef = 848797BF1DE60BCC00A98F29 /* Colony.swift */; };
		848797C21DE60BF000A98F29 /* Coordinate.swift in Sources */ = {isa = PBXBuildFile; fileRef = 848797C11DE60BF000A98F29 /* Coordinate.swift */; };
		848797C61DE60C4900A98F29 /* ColonyHolder.swift in Sources */ = {isa = PBXBuildFile; fileRef = 848797C51DE60C4900A98F29 /* ColonyHolder.swift */; };
		954F8B411DE65628006A67F4 /* ColonyDrawer.swift in Sources */ = {isa = PBXBuildFile; fileRef = 954F8B401DE65628006A67F4 /* ColonyDrawer.swift */; };
/* End PBXBuildFile section */

/* Begin PBXFileReference section */
		8407E82A1DF3178D000D4EBE /* TemplateData.swift */ = {isa = PBXFileReference; fileEncoding = 4; lastKnownFileType = sourcecode.swift; path = TemplateData.swift; sourceTree = "<group>"; };
		848797A81DE35F1000A98F29 /* GameOfLife.app */ = {isa = PBXFileReference; explicitFileType = wrapper.application; includeInIndex = 0; path = GameOfLife.app; sourceTree = BUILT_PRODUCTS_DIR; };
		848797AB1DE35F1000A98F29 /* AppDelegate.swift */ = {isa = PBXFileReference; lastKnownFileType = sourcecode.swift; path = AppDelegate.swift; sourceTree = "<group>"; };
		848797AD1DE35F1000A98F29 /* MasterViewController.swift */ = {isa = PBXFileReference; lastKnownFileType = sourcecode.swift; path = MasterViewController.swift; sourceTree = "<group>"; };
		848797AF1DE35F1000A98F29 /* DetailViewController.swift */ = {isa = PBXFileReference; lastKnownFileType = sourcecode.swift; path = DetailViewController.swift; sourceTree = "<group>"; };
		848797B21DE35F1000A98F29 /* Base */ = {isa = PBXFileReference; lastKnownFileType = file.storyboard; name = Base; path = Base.lproj/Main.storyboard; sourceTree = "<group>"; };
		848797B41DE35F1000A98F29 /* Assets.xcassets */ = {isa = PBXFileReference; lastKnownFileType = folder.assetcatalog; path = Assets.xcassets; sourceTree = "<group>"; };
		848797B71DE35F1000A98F29 /* Base */ = {isa = PBXFileReference; lastKnownFileType = file.storyboard; name = Base; path = Base.lproj/LaunchScreen.storyboard; sourceTree = "<group>"; };
		848797B91DE35F1000A98F29 /* Info.plist */ = {isa = PBXFileReference; lastKnownFileType = text.plist.xml; path = Info.plist; sourceTree = "<group>"; };
		848797BF1DE60BCC00A98F29 /* Colony.swift */ = {isa = PBXFileReference; fileEncoding = 4; lastKnownFileType = sourcecode.swift; path = Colony.swift; sourceTree = "<group>"; };
		848797C11DE60BF000A98F29 /* Coordinate.swift */ = {isa = PBXFileReference; fileEncoding = 4; lastKnownFileType = sourcecode.swift; path = Coordinate.swift; sourceTree = "<group>"; };
		848797C51DE60C4900A98F29 /* ColonyHolder.swift */ = {isa = PBXFileReference; fileEncoding = 4; lastKnownFileType = sourcecode.swift; path = ColonyHolder.swift; sourceTree = "<group>"; };
		954F8B401DE65628006A67F4 /* ColonyDrawer.swift */ = {isa = PBXFileReference; fileEncoding = 4; lastKnownFileType = sourcecode.swift; path = ColonyDrawer.swift; sourceTree = "<group>"; };
/* End PBXFileReference section */

/* Begin PBXFrameworksBuildPhase section */
		848797A51DE35F1000A98F29 /* Frameworks */ = {
			isa = PBXFrameworksBuildPhase;
			buildActionMask = 2147483647;
			files = (
			);
			runOnlyForDeploymentPostprocessing = 0;
		};
/* End PBXFrameworksBuildPhase section */

/* Begin PBXGroup section */
		8487979F1DE35F1000A98F29 = {
			isa = PBXGroup;
			children = (
				848797AA1DE35F1000A98F29 /* test */,
				848797A91DE35F1000A98F29 /* Products */,
			);
			sourceTree = "<group>";
		};
		848797A91DE35F1000A98F29 /* Products */ = {
			isa = PBXGroup;
			children = (
				848797A81DE35F1000A98F29 /* GameOfLife.app */,
			);
			name = Products;
			sourceTree = "<group>";
		};
		848797AA1DE35F1000A98F29 /* test */ = {
			isa = PBXGroup;
			children = (
				848797AB1DE35F1000A98F29 /* AppDelegate.swift */,
				848797AD1DE35F1000A98F29 /* MasterViewController.swift */,
				848797BF1DE60BCC00A98F29 /* Colony.swift */,
				848797C11DE60BF000A98F29 /* Coordinate.swift */,
				848797AF1DE35F1000A98F29 /* DetailViewController.swift */,
				8407E82A1DF3178D000D4EBE /* TemplateData.swift */,
				848797C51DE60C4900A98F29 /* ColonyHolder.swift */,
				848797B11DE35F1000A98F29 /* Main.storyboard */,
				848797B41DE35F1000A98F29 /* Assets.xcassets */,
				848797B61DE35F1000A98F29 /* LaunchScreen.storyboard */,
				848797B91DE35F1000A98F29 /* Info.plist */,
				954F8B401DE65628006A67F4 /* ColonyDrawer.swift */,
			);
			path = test;
			sourceTree = "<group>";
		};
/* End PBXGroup section */

/* Begin PBXNativeTarget section */
		848797A71DE35F1000A98F29 /* GameOfLife */ = {
			isa = PBXNativeTarget;
			buildConfigurationList = 848797BC1DE35F1000A98F29 /* Build configuration list for PBXNativeTarget "GameOfLife" */;
			buildPhases = (
				848797A41DE35F1000A98F29 /* Sources */,
				848797A51DE35F1000A98F29 /* Frameworks */,
				848797A61DE35F1000A98F29 /* Resources */,
			);
			buildRules = (
			);
			dependencies = (
			);
			name = GameOfLife;
			productName = test;
			productReference = 848797A81DE35F1000A98F29 /* GameOfLife.app */;
			productType = "com.apple.product-type.application";
		};
/* End PBXNativeTarget section */

/* Begin PBXProject section */
		848797A01DE35F1000A98F29 /* Project object */ = {
			isa = PBXProject;
			attributes = {
				LastSwiftUpdateCheck = 0730;
				LastUpgradeCheck = 0730;
				ORGANIZATIONNAME = CollinsInnovation;
				TargetAttributes = {
					848797A71DE35F1000A98F29 = {
						CreatedOnToolsVersion = 7.3.1;
					};
				};
			};
			buildConfigurationList = 848797A31DE35F1000A98F29 /* Build configuration list for PBXProject "GameOfLife" */;
			compatibilityVersion = "Xcode 3.2";
			developmentRegion = English;
			hasScannedForEncodings = 0;
			knownRegions = (
				en,
				Base,
			);
			mainGroup = 8487979F1DE35F1000A98F29;
			productRefGroup = 848797A91DE35F1000A98F29 /* Products */;
			projectDirPath = "";
			projectRoot = "";
			targets = (
				848797A71DE35F1000A98F29 /* GameOfLife */,
			);
		};
/* End PBXProject section */

/* Begin PBXResourcesBuildPhase section */
		848797A61DE35F1000A98F29 /* Resources */ = {
			isa = PBXResourcesBuildPhase;
			buildActionMask = 2147483647;
			files = (
				848797B81DE35F1000A98F29 /* LaunchScreen.storyboard in Resources */,
				848797B51DE35F1000A98F29 /* Assets.xcassets in Resources */,
				848797B31DE35F1000A98F29 /* Main.storyboard in Resources */,
			);
			runOnlyForDeploymentPostprocessing = 0;
		};
/* End PBXResourcesBuildPhase section */

/* Begin PBXSourcesBuildPhase section */
		848797A41DE35F1000A98F29 /* Sources */ = {
			isa = PBXSourcesBuildPhase;
			buildActionMask = 2147483647;
			files = (
				848797B01DE35F1000A98F29 /* DetailViewController.swift in Sources */,
				848797C61DE60C4900A98F29 /* ColonyHolder.swift in Sources */,
				848797AE1DE35F1000A98F29 /* MasterViewController.swift in Sources */,
				8407E82B1DF3178D000D4EBE /* TemplateData.swift in Sources */,
				848797AC1DE35F1000A98F29 /* AppDelegate.swift in Sources */,
				848797C01DE60BCC00A98F29 /* Colony.swift in Sources */,
				954F8B411DE65628006A67F4 /* ColonyDrawer.swift in Sources */,
				848797C21DE60BF000A98F29 /* Coordinate.swift in Sources */,
			);
			runOnlyForDeploymentPostprocessing = 0;
		};
/* End PBXSourcesBuildPhase section */

/* Begin PBXVariantGroup section */
		848797B11DE35F1000A98F29 /* Main.storyboard */ = {
			isa = PBXVariantGroup;
			children = (
				848797B21DE35F1000A98F29 /* Base */,
			);
			name = Main.storyboard;
			sourceTree = "<group>";
		};
		848797B61DE35F1000A98F29 /* LaunchScreen.storyboard */ = {
			isa = PBXVariantGroup;
			children = (
				848797B71DE35F1000A98F29 /* Base */,
			);
			name = LaunchScreen.storyboard;
			sourceTree = "<group>";
		};
/* End PBXVariantGroup section */

/* Begin XCBuildConfiguration section */
		848797BA1DE35F1000A98F29 /* Debug */ = {
			isa = XCBuildConfiguration;
			buildSettings = {
				ALWAYS_SEARCH_USER_PATHS = NO;
				CLANG_ANALYZER_NONNULL = YES;
				CLANG_CXX_LANGUAGE_STANDARD = "gnu++0x";
				CLANG_CXX_LIBRARY = "libc++";
				CLANG_ENABLE_MODULES = YES;
				CLANG_ENABLE_OBJC_ARC = YES;
				CLANG_WARN_BOOL_CONVERSION = YES;
				CLANG_WARN_CONSTANT_CONVERSION = YES;
				CLANG_WARN_DIRECT_OBJC_ISA_USAGE = YES_ERROR;
				CLANG_WARN_EMPTY_BODY = YES;
				CLANG_WARN_ENUM_CONVERSION = YES;
				CLANG_WARN_INT_CONVERSION = YES;
				CLANG_WARN_OBJC_ROOT_CLASS = YES_ERROR;
				CLANG_WARN_UNREACHABLE_CODE = YES;
				CLANG_WARN__DUPLICATE_METHOD_MATCH = YES;
				"CODE_SIGN_IDENTITY[sdk=iphoneos*]" = "iPhone Developer";
				COPY_PHASE_STRIP = NO;
				DEBUG_INFORMATION_FORMAT = dwarf;
				ENABLE_STRICT_OBJC_MSGSEND = YES;
				ENABLE_TESTABILITY = YES;
				GCC_C_LANGUAGE_STANDARD = gnu99;
				GCC_DYNAMIC_NO_PIC = NO;
				GCC_NO_COMMON_BLOCKS = YES;
				GCC_OPTIMIZATION_LEVEL = 0;
				GCC_PREPROCESSOR_DEFINITIONS = (
					"DEBUG=1",
					"$(inherited)",
				);
				GCC_WARN_64_TO_32_BIT_CONVERSION = YES;
				GCC_WARN_ABOUT_RETURN_TYPE = YES_ERROR;
				GCC_WARN_UNDECLARED_SELECTOR = YES;
				GCC_WARN_UNINITIALIZED_AUTOS = YES_AGGRESSIVE;
				GCC_WARN_UNUSED_FUNCTION = YES;
				GCC_WARN_UNUSED_VARIABLE = YES;
				IPHONEOS_DEPLOYMENT_TARGET = 9.3;
				MTL_ENABLE_DEBUG_INFO = YES;
				ONLY_ACTIVE_ARCH = YES;
				SDKROOT = iphoneos;
				SWIFT_OPTIMIZATION_LEVEL = "-Onone";
				TARGETED_DEVICE_FAMILY = 2;
			};
			name = Debug;
		};
		848797BB1DE35F1000A98F29 /* Release */ = {
			isa = XCBuildConfiguration;
			buildSettings = {
				ALWAYS_SEARCH_USER_PATHS = NO;
				CLANG_ANALYZER_NONNULL = YES;
				CLANG_CXX_LANGUAGE_STANDARD = "gnu++0x";
				CLANG_CXX_LIBRARY = "libc++";
				CLANG_ENABLE_MODULES = YES;
				CLANG_ENABLE_OBJC_ARC = YES;
				CLANG_WARN_BOOL_CONVERSION = YES;
				CLANG_WARN_CONSTANT_CONVERSION = YES;
				CLANG_WARN_DIRECT_OBJC_ISA_USAGE = YES_ERROR;
				CLANG_WARN_EMPTY_BODY = YES;
				CLANG_WARN_ENUM_CONVERSION = YES;
				CLANG_WARN_INT_CONVERSION = YES;
				CLANG_WARN_OBJC_ROOT_CLASS = YES_ERROR;
				CLANG_WARN_UNREACHABLE_CODE = YES;
				CLANG_WARN__DUPLICATE_METHOD_MATCH = YES;
				"CODE_SIGN_IDENTITY[sdk=iphoneos*]" = "iPhone Developer";
				COPY_PHASE_STRIP = NO;
				DEBUG_INFORMATION_FORMAT = "dwarf-with-dsym";
				ENABLE_NS_ASSERTIONS = NO;
				ENABLE_STRICT_OBJC_MSGSEND = YES;
				GCC_C_LANGUAGE_STANDARD = gnu99;
				GCC_NO_COMMON_BLOCKS = YES;
				GCC_WARN_64_TO_32_BIT_CONVERSION = YES;
				GCC_WARN_ABOUT_RETURN_TYPE = YES_ERROR;
				GCC_WARN_UNDECLARED_SELECTOR = YES;
				GCC_WARN_UNINITIALIZED_AUTOS = YES_AGGRESSIVE;
				GCC_WARN_UNUSED_FUNCTION = YES;
				GCC_WARN_UNUSED_VARIABLE = YES;
				IPHONEOS_DEPLOYMENT_TARGET = 9.3;
				MTL_ENABLE_DEBUG_INFO = NO;
				SDKROOT = iphoneos;
				TARGETED_DEVICE_FAMILY = 2;
				VALIDATE_PRODUCT = YES;
			};
			name = Release;
		};
		848797BD1DE35F1000A98F29 /* Debug */ = {
			isa = XCBuildConfiguration;
			buildSettings = {
				ASSETCATALOG_COMPILER_APPICON_NAME = AppIcon;
				INFOPLIST_FILE = test/Info.plist;
				LD_RUNPATH_SEARCH_PATHS = "$(inherited) @executable_path/Frameworks";
				PRODUCT_BUNDLE_IDENTIFIER = CollinsInnovation.test;
				PRODUCT_NAME = GameOfLife;
			};
			name = Debug;
		};
		848797BE1DE35F1000A98F29 /* Release */ = {
			isa = XCBuildConfiguration;
			buildSettings = {
				ASSETCATALOG_COMPILER_APPICON_NAME = AppIcon;
				INFOPLIST_FILE = test/Info.plist;
				LD_RUNPATH_SEARCH_PATHS = "$(inherited) @executable_path/Frameworks";
				PRODUCT_BUNDLE_IDENTIFIER = CollinsInnovation.test;
				PRODUCT_NAME = GameOfLife;
			};
			name = Release;
		};
/* End XCBuildConfiguration section */

/* Begin XCConfigurationList section */
		848797A31DE35F1000A98F29 /* Build configuration list for PBXProject "GameOfLife" */ = {
			isa = XCConfigurationList;
			buildConfigurations = (
				848797BA1DE35F1000A98F29 /* Debug */,
				848797BB1DE35F1000A98F29 /* Release */,
			);
			defaultConfigurationIsVisible = 0;
			defaultConfigurationName = Release;
		};
		848797BC1DE35F1000A98F29 /* Build configuration list for PBXNativeTarget "GameOfLife" */ = {
			isa = XCConfigurationList;
			buildConfigurations = (
				848797BD1DE35F1000A98F29 /* Debug */,
				848797BE1DE35F1000A98F29 /* Release */,
			);
			defaultConfigurationIsVisible = 0;
			defaultConfigurationName = Release;
		};
/* End XCConfigurationList section */
	};
	rootObject = 848797A01DE35F1000A98F29 /* Project object */;
}
